
Microsoft Visual Studio Solution File, Format Version 12.00
# Visual Studio Express 2013 for Windows Desktop
VisualStudioVersion = 12.0.40629.0
MinimumVisualStudioVersion = 10.0.40219.1
Project("{8BC9CEB8-8B4A-11D0-8D11-00A0C91BC942}") = "Lab10", "Lab10\Lab10.vcxproj", "{7CEA8F61-354F-4008-96F5-751313E0B17D}"
EndProject
Global
	GlobalSection(SolutionConfigurationPlatforms) = preSolution
		Debug|Win32 = Debug|Win32
		Release|Win32 = Release|Win32
	EndGlobalSection
	GlobalSection(ProjectConfigurationPlatforms) = postSolution
		{7CEA8F61-354F-4008-96F5-751313E0B17D}.Debug|Win32.ActiveCfg = Debug|Win32
		{7CEA8F61-354F-4008-96F5-751313E0B17D}.Debug|Win32.Build.0 = Debug|Win32
		{7CEA8F61-354F-4008-96F5-751313E0B17D}.Release|Win32.ActiveCfg = Release|Win32
		{7CEA8F61-354F-4008-96F5-751313E0B17D}.Release|Win32.Build.0 = Release|Win32
	EndGlobalSection
	GlobalSection(SolutionProperties) = preSolution
		HideSolutionNode = FALSE
	EndGlobalSection
EndGlobal
